
Microsoft Visual Studio Solution File, Format Version 12.00
# Visual Studio Version 16
VisualStudioVersion = 16.0.31205.134
MinimumVisualStudioVersion = 10.0.40219.1
Project("{FAE04EC0-301F-11D3-BF4B-00C04F79EFBC}") = "EquitationAPI", "EquitationAPI\EquitationAPI.csproj", "{E660A499-EF7A-4649-959A-533B689AAA7B}"
EndProject
Global
	GlobalSection(SolutionConfigurationPlatforms) = preSolution
		Debug|Any CPU = Debug|Any CPU
		Release|Any CPU = Release|Any CPU
	EndGlobalSection
	GlobalSection(ProjectConfigurationPlatforms) = postSolution
		{E660A499-EF7A-4649-959A-533B689AAA7B}.Debug|Any CPU.ActiveCfg = Debug|Any CPU
		{E660A499-EF7A-4649-959A-533B689AAA7B}.Debug|Any CPU.Build.0 = Debug|Any CPU
		{E660A499-EF7A-4649-959A-533B689AAA7B}.Release|Any CPU.ActiveCfg = Release|Any CPU
		{E660A499-EF7A-4649-959A-533B689AAA7B}.Release|Any CPU.Build.0 = Release|Any CPU
	EndGlobalSection
	GlobalSection(SolutionProperties) = preSolution
		HideSolutionNode = FALSE
	EndGlobalSection
	GlobalSection(ExtensibilityGlobals) = postSolution
		SolutionGuid = {33D664E3-D114-40EF-BA81-0ACDF3FD1A17}
	EndGlobalSection
EndGlobal
